
Microsoft Visual Studio Solution File, Format Version 12.00
# Visual Studio Version 17
VisualStudioVersion = 17.4.33110.190
MinimumVisualStudioVersion = 10.0.40219.1
Project("{FAE04EC0-301F-11D3-BF4B-00C04F79EFBC}") = "paintApp", "paintApp\paintApp.csproj", "{C3C62F25-39F5-43A9-B9D7-387B1A5CF577}"
EndProject
Global
	GlobalSection(SolutionConfigurationPlatforms) = preSolution
		Debug|Any CPU = Debug|Any CPU
		Release|Any CPU = Release|Any CPU
	EndGlobalSection
	GlobalSection(ProjectConfigurationPlatforms) = postSolution
		{C3C62F25-39F5-43A9-B9D7-387B1A5CF577}.Debug|Any CPU.ActiveCfg = Debug|Any CPU
		{C3C62F25-39F5-43A9-B9D7-387B1A5CF577}.Debug|Any CPU.Build.0 = Debug|Any CPU
		{C3C62F25-39F5-43A9-B9D7-387B1A5CF577}.Release|Any CPU.ActiveCfg = Release|Any CPU
		{C3C62F25-39F5-43A9-B9D7-387B1A5CF577}.Release|Any CPU.Build.0 = Release|Any CPU
	EndGlobalSection
	GlobalSection(SolutionProperties) = preSolution
		HideSolutionNode = FALSE
	EndGlobalSection
	GlobalSection(ExtensibilityGlobals) = postSolution
		SolutionGuid = {E169D774-AD3C-400D-81AD-32D8798D9F5C}
	EndGlobalSection
EndGlobal
